// !$*UTF8*$!
{
	archiveVersion = 1;
	classes = {
	};
	objectVersion = 50;
	objects = {

/* Begin PBXBuildFile section */
		691C5A9A23B092B800AFA52C /* YXStoreKit.framework in Frameworks */ = {isa = PBXBuildFile; fileRef = 691C5A9023B092B700AFA52C /* YXStoreKit.framework */; };
		691C5A9F23B092B800AFA52C /* YXStoreKitTests.swift in Sources */ = {isa = PBXBuildFile; fileRef = 691C5A9E23B092B800AFA52C /* YXStoreKitTests.swift */; };
		691C5AA123B092B800AFA52C /* YXStoreKit.h in Headers */ = {isa = PBXBuildFile; fileRef = 691C5A9323B092B700AFA52C /* YXStoreKit.h */; settings = {ATTRIBUTES = (Public, ); }; };
		691C5AAB23B0931500AFA52C /* Purchasable.swift in Sources */ = {isa = PBXBuildFile; fileRef = 691C5AAA23B0931500AFA52C /* Purchasable.swift */; };
		691C5AAF23B0959100AFA52C /* SKProduct+Purchasable.swift in Sources */ = {isa = PBXBuildFile; fileRef = 691C5AAE23B0959100AFA52C /* SKProduct+Purchasable.swift */; };
		691C5AB123B0987B00AFA52C /* SKProduct+PurchasableTest.swift in Sources */ = {isa = PBXBuildFile; fileRef = 691C5AB023B0987B00AFA52C /* SKProduct+PurchasableTest.swift */; };
		691C5AB223B0995300AFA52C /* Purchasable.swift in Sources */ = {isa = PBXBuildFile; fileRef = 691C5AAA23B0931500AFA52C /* Purchasable.swift */; };
		691C5AB323B0996000AFA52C /* SKProduct+Purchasable.swift in Sources */ = {isa = PBXBuildFile; fileRef = 691C5AAE23B0959100AFA52C /* SKProduct+Purchasable.swift */; };
		691C5AB523B099F100AFA52C /* FakeSKProductSubscriptionPeriod.swift in Sources */ = {isa = PBXBuildFile; fileRef = 691C5AB423B099F100AFA52C /* FakeSKProductSubscriptionPeriod.swift */; };
		691C5AB723B09C3100AFA52C /* ProductService.swift in Sources */ = {isa = PBXBuildFile; fileRef = 691C5AB623B09C3100AFA52C /* ProductService.swift */; };
		691C5ABD23B0A1ED00AFA52C /* Error.swift in Sources */ = {isa = PBXBuildFile; fileRef = 691C5ABC23B0A1ED00AFA52C /* Error.swift */; };
		691C5AC023B0A3D900AFA52C /* YXDictionary.swift in Sources */ = {isa = PBXBuildFile; fileRef = 691C5ABF23B0A3D900AFA52C /* YXDictionary.swift */; };
		691C5AC123B0A52400AFA52C /* YXDictionary.swift in Sources */ = {isa = PBXBuildFile; fileRef = 691C5ABF23B0A3D900AFA52C /* YXDictionary.swift */; };
		691C5AC323B0A79000AFA52C /* YXDictionaryTest.swift in Sources */ = {isa = PBXBuildFile; fileRef = 691C5AC223B0A79000AFA52C /* YXDictionaryTest.swift */; };
		697364DD23B9E00C006C9332 /* YXSKProductsRequestTest.swift in Sources */ = {isa = PBXBuildFile; fileRef = 697364DC23B9E00C006C9332 /* YXSKProductsRequestTest.swift */; };
		697364DF23BAC85D006C9332 /* ReceiptValidator.swift in Sources */ = {isa = PBXBuildFile; fileRef = 697364DE23BAC85D006C9332 /* ReceiptValidator.swift */; };
		697364E123BACA5F006C9332 /* FakeYXReceiptValidator.swift in Sources */ = {isa = PBXBuildFile; fileRef = 697364E023BACA5F006C9332 /* FakeYXReceiptValidator.swift */; };
		697364E223BACA6A006C9332 /* ReceiptValidator.swift in Sources */ = {isa = PBXBuildFile; fileRef = 697364DE23BAC85D006C9332 /* ReceiptValidator.swift */; };
		697364E423BACBE2006C9332 /* FakeYXReceiptValidatorTest.swift in Sources */ = {isa = PBXBuildFile; fileRef = 697364E323BACBE2006C9332 /* FakeYXReceiptValidatorTest.swift */; };
		697364E623BACE17006C9332 /* ReceiptManager.swift in Sources */ = {isa = PBXBuildFile; fileRef = 697364E523BACE17006C9332 /* ReceiptManager.swift */; };
		697364E723BACEB5006C9332 /* ReceiptManager.swift in Sources */ = {isa = PBXBuildFile; fileRef = 697364E523BACE17006C9332 /* ReceiptManager.swift */; };
		697364E923BACFE2006C9332 /* YXReceiptManagerImpl.swift in Sources */ = {isa = PBXBuildFile; fileRef = 697364E823BACFE2006C9332 /* YXReceiptManagerImpl.swift */; };
		697364ED23BBCA4F006C9332 /* YXProductServiceImpl.swift in Sources */ = {isa = PBXBuildFile; fileRef = 697364EC23BBCA4F006C9332 /* YXProductServiceImpl.swift */; };
		697364EE23BBCA9E006C9332 /* YXProductServiceImpl.swift in Sources */ = {isa = PBXBuildFile; fileRef = 697364EC23BBCA4F006C9332 /* YXProductServiceImpl.swift */; };
		697364EF23BBCE3D006C9332 /* YXReceiptManagerImpl.swift in Sources */ = {isa = PBXBuildFile; fileRef = 697364E823BACFE2006C9332 /* YXReceiptManagerImpl.swift */; };
		697364F123BBCF5A006C9332 /* YXReceiptManagerTest.swift in Sources */ = {isa = PBXBuildFile; fileRef = 697364F023BBCF5A006C9332 /* YXReceiptManagerTest.swift */; };
		697364F623BBEA7E006C9332 /* YXUser.swift in Sources */ = {isa = PBXBuildFile; fileRef = 697364F523BBEA7E006C9332 /* YXUser.swift */; };
		697364F723BBEA7E006C9332 /* YXUser.swift in Sources */ = {isa = PBXBuildFile; fileRef = 697364F523BBEA7E006C9332 /* YXUser.swift */; };
		697364F923BBEDB3006C9332 /* UserManager.swift in Sources */ = {isa = PBXBuildFile; fileRef = 697364F823BBEDB3006C9332 /* UserManager.swift */; };
		697364FA23BBEDB3006C9332 /* UserManager.swift in Sources */ = {isa = PBXBuildFile; fileRef = 697364F823BBEDB3006C9332 /* UserManager.swift */; };
		697364FC23BBFD23006C9332 /* YXLocalUserManager.swift in Sources */ = {isa = PBXBuildFile; fileRef = 697364FB23BBFD23006C9332 /* YXLocalUserManager.swift */; };
		697364FD23BBFD23006C9332 /* YXLocalUserManager.swift in Sources */ = {isa = PBXBuildFile; fileRef = 697364FB23BBFD23006C9332 /* YXLocalUserManager.swift */; };
		697364FF23BC057A006C9332 /* YXLocalUserManagerTest.swift in Sources */ = {isa = PBXBuildFile; fileRef = 697364FE23BC057A006C9332 /* YXLocalUserManagerTest.swift */; };
		6973650723BC277B006C9332 /* YXTransactionResponse.swift in Sources */ = {isa = PBXBuildFile; fileRef = 6973650623BC277B006C9332 /* YXTransactionResponse.swift */; };
		6973650823BC277B006C9332 /* YXTransactionResponse.swift in Sources */ = {isa = PBXBuildFile; fileRef = 6973650623BC277B006C9332 /* YXTransactionResponse.swift */; };
		6973650A23BC27C1006C9332 /* YXTransactionProcessor.swift in Sources */ = {isa = PBXBuildFile; fileRef = 6973650923BC27C1006C9332 /* YXTransactionProcessor.swift */; };
		6973650B23BC27C1006C9332 /* YXTransactionProcessor.swift in Sources */ = {isa = PBXBuildFile; fileRef = 6973650923BC27C1006C9332 /* YXTransactionProcessor.swift */; };
		6973650D23C0CA75006C9332 /* ReceiptRefreshRequestBuilder.swift in Sources */ = {isa = PBXBuildFile; fileRef = 6973650C23C0CA75006C9332 /* ReceiptRefreshRequestBuilder.swift */; };
		6973650E23C0CA75006C9332 /* ReceiptRefreshRequestBuilder.swift in Sources */ = {isa = PBXBuildFile; fileRef = 6973650C23C0CA75006C9332 /* ReceiptRefreshRequestBuilder.swift */; };
		6973651123C0CACD006C9332 /* FakeSKReceiptRefreshRequest.swift in Sources */ = {isa = PBXBuildFile; fileRef = 6973650F23C0CACD006C9332 /* FakeSKReceiptRefreshRequest.swift */; };
		6973651323C0CD5B006C9332 /* FakeSKReceiptRefreshRequestTest.swift in Sources */ = {isa = PBXBuildFile; fileRef = 6973651223C0CD5B006C9332 /* FakeSKReceiptRefreshRequestTest.swift */; };
		6973651523C0CECD006C9332 /* YXReceiptRefreshRequestBuilder.swift in Sources */ = {isa = PBXBuildFile; fileRef = 6973651423C0CECD006C9332 /* YXReceiptRefreshRequestBuilder.swift */; };
		6973651723C0CFD0006C9332 /* FakeYXReceiptRefreshRequestBuilder.swift in Sources */ = {isa = PBXBuildFile; fileRef = 6973651623C0CFD0006C9332 /* FakeYXReceiptRefreshRequestBuilder.swift */; };
		6973651923C0D043006C9332 /* ReceiptRefresher.swift in Sources */ = {isa = PBXBuildFile; fileRef = 6973651823C0D043006C9332 /* ReceiptRefresher.swift */; };
		6973651A23C0D043006C9332 /* ReceiptRefresher.swift in Sources */ = {isa = PBXBuildFile; fileRef = 6973651823C0D043006C9332 /* ReceiptRefresher.swift */; };
		6973651E23C0D2E8006C9332 /* YXReceiptRefresher.swift in Sources */ = {isa = PBXBuildFile; fileRef = 6973651D23C0D2E8006C9332 /* YXReceiptRefresher.swift */; };
		6973651F23C0D337006C9332 /* YXReceiptRefresher.swift in Sources */ = {isa = PBXBuildFile; fileRef = 6973651D23C0D2E8006C9332 /* YXReceiptRefresher.swift */; };
		6973652323C0DE65006C9332 /* YXReceiptRefresherTest.swift in Sources */ = {isa = PBXBuildFile; fileRef = 6973652223C0DE65006C9332 /* YXReceiptRefresherTest.swift */; };
		6973652523C1BA88006C9332 /* TransactionManager.swift in Sources */ = {isa = PBXBuildFile; fileRef = 6973652423C1BA88006C9332 /* TransactionManager.swift */; };
		6973652623C1BA88006C9332 /* TransactionManager.swift in Sources */ = {isa = PBXBuildFile; fileRef = 6973652423C1BA88006C9332 /* TransactionManager.swift */; };
		6973652B23C1C281006C9332 /* YXTransactionManager.swift in Sources */ = {isa = PBXBuildFile; fileRef = 6973652A23C1C281006C9332 /* YXTransactionManager.swift */; };
		6973652C23C1C281006C9332 /* YXTransactionManager.swift in Sources */ = {isa = PBXBuildFile; fileRef = 6973652A23C1C281006C9332 /* YXTransactionManager.swift */; };
		6973652E23C1C39A006C9332 /* PaymentQueue.swift in Sources */ = {isa = PBXBuildFile; fileRef = 6973652D23C1C39A006C9332 /* PaymentQueue.swift */; };
		6973652F23C1C39A006C9332 /* PaymentQueue.swift in Sources */ = {isa = PBXBuildFile; fileRef = 6973652D23C1C39A006C9332 /* PaymentQueue.swift */; };
		6973653223C1C60F006C9332 /* FakeSKPaymentQueue.swift in Sources */ = {isa = PBXBuildFile; fileRef = 6973653123C1C60F006C9332 /* FakeSKPaymentQueue.swift */; };
		6973653423C1C7E7006C9332 /* FakeSKPaymentTransaction.swift in Sources */ = {isa = PBXBuildFile; fileRef = 6973653323C1C7E7006C9332 /* FakeSKPaymentTransaction.swift */; };
		6985BF9423C1CD33009898D9 /* FakePaymentQueueTest.swift in Sources */ = {isa = PBXBuildFile; fileRef = 6985BF9323C1CD33009898D9 /* FakePaymentQueueTest.swift */; };
		6985BF9923C2A741009898D9 /* YXTransactionProcessorTest.swift in Sources */ = {isa = PBXBuildFile; fileRef = 6985BF9823C2A741009898D9 /* YXTransactionProcessorTest.swift */; };
		6985BF9B23C2B0B0009898D9 /* YXTransactionManagerTest.swift in Sources */ = {isa = PBXBuildFile; fileRef = 6985BF9A23C2B0B0009898D9 /* YXTransactionManagerTest.swift */; };
		6985BF9D23C5885B009898D9 /* YXStoreKit.swift in Sources */ = {isa = PBXBuildFile; fileRef = 6985BF9C23C5885B009898D9 /* YXStoreKit.swift */; };
		6985BF9E23C5885B009898D9 /* YXStoreKit.swift in Sources */ = {isa = PBXBuildFile; fileRef = 6985BF9C23C5885B009898D9 /* YXStoreKit.swift */; };
		6985BFA023CC3D86009898D9 /* YXStoreKitTest.swift in Sources */ = {isa = PBXBuildFile; fileRef = 6985BF9F23CC3D86009898D9 /* YXStoreKitTest.swift */; };
		699CCFA423B8944000B5C2FE /* FakeSKProductsRequest.swift in Sources */ = {isa = PBXBuildFile; fileRef = 699CCFA323B8944000B5C2FE /* FakeSKProductsRequest.swift */; };
		699CCFA623B8958600B5C2FE /* FakeSKProductsResponse.swift in Sources */ = {isa = PBXBuildFile; fileRef = 699CCFA523B8958600B5C2FE /* FakeSKProductsResponse.swift */; };
		699CCFA823B895E700B5C2FE /* FakeSKProduct.swift in Sources */ = {isa = PBXBuildFile; fileRef = 699CCFA723B895E700B5C2FE /* FakeSKProduct.swift */; };
		699CCFA923B898E400B5C2FE /* Error.swift in Sources */ = {isa = PBXBuildFile; fileRef = 691C5ABC23B0A1ED00AFA52C /* Error.swift */; };
		699CCFAC23B899BB00B5C2FE /* ProductService.swift in Sources */ = {isa = PBXBuildFile; fileRef = 691C5AB623B09C3100AFA52C /* ProductService.swift */; };
		699CCFB023B9CE2000B5C2FE /* ProductRequestBuilder.swift in Sources */ = {isa = PBXBuildFile; fileRef = 699CCFAF23B9CE2000B5C2FE /* ProductRequestBuilder.swift */; };
		699CCFB223B9CEF100B5C2FE /* FakeYXProductRequestBuilder.swift in Sources */ = {isa = PBXBuildFile; fileRef = 699CCFB123B9CEF100B5C2FE /* FakeYXProductRequestBuilder.swift */; };
		699CCFB323B9CF5600B5C2FE /* ProductRequestBuilder.swift in Sources */ = {isa = PBXBuildFile; fileRef = 699CCFAF23B9CE2000B5C2FE /* ProductRequestBuilder.swift */; };
		699CCFB523B9D01000B5C2FE /* YXProductRequestBuilderImp.swift in Sources */ = {isa = PBXBuildFile; fileRef = 699CCFB423B9D01000B5C2FE /* YXProductRequestBuilderImp.swift */; };
		699CCFB723B9D1EB00B5C2FE /* YXProductServiceTest.swift in Sources */ = {isa = PBXBuildFile; fileRef = 699CCFB623B9D1EB00B5C2FE /* YXProductServiceTest.swift */; };
/* End PBXBuildFile section */

/* Begin PBXContainerItemProxy section */
		691C5A9B23B092B800AFA52C /* PBXContainerItemProxy */ = {
			isa = PBXContainerItemProxy;
			containerPortal = 691C5A8723B092B700AFA52C /* Project object */;
			proxyType = 1;
			remoteGlobalIDString = 691C5A8F23B092B700AFA52C;
			remoteInfo = YXStoreKit;
		};
/* End PBXContainerItemProxy section */

/* Begin PBXFileReference section */
		691C5A9023B092B700AFA52C /* YXStoreKit.framework */ = {isa = PBXFileReference; explicitFileType = wrapper.framework; includeInIndex = 0; path = YXStoreKit.framework; sourceTree = BUILT_PRODUCTS_DIR; };
		691C5A9323B092B700AFA52C /* YXStoreKit.h */ = {isa = PBXFileReference; lastKnownFileType = sourcecode.c.h; path = YXStoreKit.h; sourceTree = "<group>"; };
		691C5A9423B092B700AFA52C /* Info.plist */ = {isa = PBXFileReference; lastKnownFileType = text.plist.xml; path = Info.plist; sourceTree = "<group>"; };
		691C5A9923B092B800AFA52C /* YXStoreKitTests.xctest */ = {isa = PBXFileReference; explicitFileType = wrapper.cfbundle; includeInIndex = 0; path = YXStoreKitTests.xctest; sourceTree = BUILT_PRODUCTS_DIR; };
		691C5A9E23B092B800AFA52C /* YXStoreKitTests.swift */ = {isa = PBXFileReference; lastKnownFileType = sourcecode.swift; path = YXStoreKitTests.swift; sourceTree = "<group>"; };
		691C5AA023B092B800AFA52C /* Info.plist */ = {isa = PBXFileReference; lastKnownFileType = text.plist.xml; path = Info.plist; sourceTree = "<group>"; };
		691C5AAA23B0931500AFA52C /* Purchasable.swift */ = {isa = PBXFileReference; lastKnownFileType = sourcecode.swift; path = Purchasable.swift; sourceTree = "<group>"; };
		691C5AAE23B0959100AFA52C /* SKProduct+Purchasable.swift */ = {isa = PBXFileReference; lastKnownFileType = sourcecode.swift; path = "SKProduct+Purchasable.swift"; sourceTree = "<group>"; };
		691C5AB023B0987B00AFA52C /* SKProduct+PurchasableTest.swift */ = {isa = PBXFileReference; lastKnownFileType = sourcecode.swift; path = "SKProduct+PurchasableTest.swift"; sourceTree = "<group>"; };
		691C5AB423B099F100AFA52C /* FakeSKProductSubscriptionPeriod.swift */ = {isa = PBXFileReference; lastKnownFileType = sourcecode.swift; path = FakeSKProductSubscriptionPeriod.swift; sourceTree = "<group>"; };
		691C5AB623B09C3100AFA52C /* ProductService.swift */ = {isa = PBXFileReference; lastKnownFileType = sourcecode.swift; path = ProductService.swift; sourceTree = "<group>"; };
		691C5ABC23B0A1ED00AFA52C /* Error.swift */ = {isa = PBXFileReference; lastKnownFileType = sourcecode.swift; path = Error.swift; sourceTree = "<group>"; };
		691C5ABF23B0A3D900AFA52C /* YXDictionary.swift */ = {isa = PBXFileReference; lastKnownFileType = sourcecode.swift; path = YXDictionary.swift; sourceTree = "<group>"; };
		691C5AC223B0A79000AFA52C /* YXDictionaryTest.swift */ = {isa = PBXFileReference; lastKnownFileType = sourcecode.swift; path = YXDictionaryTest.swift; sourceTree = "<group>"; };
		697364DC23B9E00C006C9332 /* YXSKProductsRequestTest.swift */ = {isa = PBXFileReference; lastKnownFileType = sourcecode.swift; path = YXSKProductsRequestTest.swift; sourceTree = "<group>"; };
		697364DE23BAC85D006C9332 /* ReceiptValidator.swift */ = {isa = PBXFileReference; lastKnownFileType = sourcecode.swift; path = ReceiptValidator.swift; sourceTree = "<group>"; };
		697364E023BACA5F006C9332 /* FakeYXReceiptValidator.swift */ = {isa = PBXFileReference; lastKnownFileType = sourcecode.swift; path = FakeYXReceiptValidator.swift; sourceTree = "<group>"; };
		697364E323BACBE2006C9332 /* FakeYXReceiptValidatorTest.swift */ = {isa = PBXFileReference; lastKnownFileType = sourcecode.swift; path = FakeYXReceiptValidatorTest.swift; sourceTree = "<group>"; };
		697364E523BACE17006C9332 /* ReceiptManager.swift */ = {isa = PBXFileReference; lastKnownFileType = sourcecode.swift; path = ReceiptManager.swift; sourceTree = "<group>"; };
		697364E823BACFE2006C9332 /* YXReceiptManagerImpl.swift */ = {isa = PBXFileReference; lastKnownFileType = sourcecode.swift; path = YXReceiptManagerImpl.swift; sourceTree = "<group>"; };
		697364EC23BBCA4F006C9332 /* YXProductServiceImpl.swift */ = {isa = PBXFileReference; lastKnownFileType = sourcecode.swift; path = YXProductServiceImpl.swift; sourceTree = "<group>"; };
		697364F023BBCF5A006C9332 /* YXReceiptManagerTest.swift */ = {isa = PBXFileReference; lastKnownFileType = sourcecode.swift; path = YXReceiptManagerTest.swift; sourceTree = "<group>"; };
		697364F523BBEA7E006C9332 /* YXUser.swift */ = {isa = PBXFileReference; lastKnownFileType = sourcecode.swift; path = YXUser.swift; sourceTree = "<group>"; };
		697364F823BBEDB3006C9332 /* UserManager.swift */ = {isa = PBXFileReference; lastKnownFileType = sourcecode.swift; path = UserManager.swift; sourceTree = "<group>"; };
		697364FB23BBFD23006C9332 /* YXLocalUserManager.swift */ = {isa = PBXFileReference; lastKnownFileType = sourcecode.swift; path = YXLocalUserManager.swift; sourceTree = "<group>"; };
		697364FE23BC057A006C9332 /* YXLocalUserManagerTest.swift */ = {isa = PBXFileReference; lastKnownFileType = sourcecode.swift; path = YXLocalUserManagerTest.swift; sourceTree = "<group>"; };
		6973650623BC277B006C9332 /* YXTransactionResponse.swift */ = {isa = PBXFileReference; lastKnownFileType = sourcecode.swift; path = YXTransactionResponse.swift; sourceTree = "<group>"; };
		6973650923BC27C1006C9332 /* YXTransactionProcessor.swift */ = {isa = PBXFileReference; lastKnownFileType = sourcecode.swift; path = YXTransactionProcessor.swift; sourceTree = "<group>"; };
		6973650C23C0CA75006C9332 /* ReceiptRefreshRequestBuilder.swift */ = {isa = PBXFileReference; lastKnownFileType = sourcecode.swift; path = ReceiptRefreshRequestBuilder.swift; sourceTree = "<group>"; };
		6973650F23C0CACD006C9332 /* FakeSKReceiptRefreshRequest.swift */ = {isa = PBXFileReference; lastKnownFileType = sourcecode.swift; path = FakeSKReceiptRefreshRequest.swift; sourceTree = "<group>"; };
		6973651223C0CD5B006C9332 /* FakeSKReceiptRefreshRequestTest.swift */ = {isa = PBXFileReference; lastKnownFileType = sourcecode.swift; path = FakeSKReceiptRefreshRequestTest.swift; sourceTree = "<group>"; };
		6973651423C0CECD006C9332 /* YXReceiptRefreshRequestBuilder.swift */ = {isa = PBXFileReference; lastKnownFileType = sourcecode.swift; path = YXReceiptRefreshRequestBuilder.swift; sourceTree = "<group>"; };
		6973651623C0CFD0006C9332 /* FakeYXReceiptRefreshRequestBuilder.swift */ = {isa = PBXFileReference; lastKnownFileType = sourcecode.swift; path = FakeYXReceiptRefreshRequestBuilder.swift; sourceTree = "<group>"; };
		6973651823C0D043006C9332 /* ReceiptRefresher.swift */ = {isa = PBXFileReference; lastKnownFileType = sourcecode.swift; path = ReceiptRefresher.swift; sourceTree = "<group>"; };
		6973651D23C0D2E8006C9332 /* YXReceiptRefresher.swift */ = {isa = PBXFileReference; lastKnownFileType = sourcecode.swift; path = YXReceiptRefresher.swift; sourceTree = "<group>"; };
		6973652223C0DE65006C9332 /* YXReceiptRefresherTest.swift */ = {isa = PBXFileReference; lastKnownFileType = sourcecode.swift; path = YXReceiptRefresherTest.swift; sourceTree = "<group>"; };
		6973652423C1BA88006C9332 /* TransactionManager.swift */ = {isa = PBXFileReference; lastKnownFileType = sourcecode.swift; path = TransactionManager.swift; sourceTree = "<group>"; };
		6973652A23C1C281006C9332 /* YXTransactionManager.swift */ = {isa = PBXFileReference; lastKnownFileType = sourcecode.swift; path = YXTransactionManager.swift; sourceTree = "<group>"; };
		6973652D23C1C39A006C9332 /* PaymentQueue.swift */ = {isa = PBXFileReference; lastKnownFileType = sourcecode.swift; path = PaymentQueue.swift; sourceTree = "<group>"; };
		6973653123C1C60F006C9332 /* FakeSKPaymentQueue.swift */ = {isa = PBXFileReference; lastKnownFileType = sourcecode.swift; path = FakeSKPaymentQueue.swift; sourceTree = "<group>"; };
		6973653323C1C7E7006C9332 /* FakeSKPaymentTransaction.swift */ = {isa = PBXFileReference; lastKnownFileType = sourcecode.swift; path = FakeSKPaymentTransaction.swift; sourceTree = "<group>"; };
		6985BF9323C1CD33009898D9 /* FakePaymentQueueTest.swift */ = {isa = PBXFileReference; lastKnownFileType = sourcecode.swift; path = FakePaymentQueueTest.swift; sourceTree = "<group>"; };
		6985BF9823C2A741009898D9 /* YXTransactionProcessorTest.swift */ = {isa = PBXFileReference; lastKnownFileType = sourcecode.swift; path = YXTransactionProcessorTest.swift; sourceTree = "<group>"; };
		6985BF9A23C2B0B0009898D9 /* YXTransactionManagerTest.swift */ = {isa = PBXFileReference; lastKnownFileType = sourcecode.swift; path = YXTransactionManagerTest.swift; sourceTree = "<group>"; };
		6985BF9C23C5885B009898D9 /* YXStoreKit.swift */ = {isa = PBXFileReference; lastKnownFileType = sourcecode.swift; path = YXStoreKit.swift; sourceTree = "<group>"; };
		6985BF9F23CC3D86009898D9 /* YXStoreKitTest.swift */ = {isa = PBXFileReference; lastKnownFileType = sourcecode.swift; path = YXStoreKitTest.swift; sourceTree = "<group>"; };
		699CCFA323B8944000B5C2FE /* FakeSKProductsRequest.swift */ = {isa = PBXFileReference; lastKnownFileType = sourcecode.swift; path = FakeSKProductsRequest.swift; sourceTree = "<group>"; };
		699CCFA523B8958600B5C2FE /* FakeSKProductsResponse.swift */ = {isa = PBXFileReference; lastKnownFileType = sourcecode.swift; path = FakeSKProductsResponse.swift; sourceTree = "<group>"; };
		699CCFA723B895E700B5C2FE /* FakeSKProduct.swift */ = {isa = PBXFileReference; lastKnownFileType = sourcecode.swift; path = FakeSKProduct.swift; sourceTree = "<group>"; };
		699CCFAF23B9CE2000B5C2FE /* ProductRequestBuilder.swift */ = {isa = PBXFileReference; lastKnownFileType = sourcecode.swift; path = ProductRequestBuilder.swift; sourceTree = "<group>"; };
		699CCFB123B9CEF100B5C2FE /* FakeYXProductRequestBuilder.swift */ = {isa = PBXFileReference; lastKnownFileType = sourcecode.swift; path = FakeYXProductRequestBuilder.swift; sourceTree = "<group>"; };
		699CCFB423B9D01000B5C2FE /* YXProductRequestBuilderImp.swift */ = {isa = PBXFileReference; lastKnownFileType = sourcecode.swift; path = YXProductRequestBuilderImp.swift; sourceTree = "<group>"; };
		699CCFB623B9D1EB00B5C2FE /* YXProductServiceTest.swift */ = {isa = PBXFileReference; lastKnownFileType = sourcecode.swift; path = YXProductServiceTest.swift; sourceTree = "<group>"; };
/* End PBXFileReference section */

/* Begin PBXFrameworksBuildPhase section */
		691C5A8D23B092B700AFA52C /* Frameworks */ = {
			isa = PBXFrameworksBuildPhase;
			buildActionMask = 2147483647;
			files = (
			);
			runOnlyForDeploymentPostprocessing = 0;
		};
		691C5A9623B092B800AFA52C /* Frameworks */ = {
			isa = PBXFrameworksBuildPhase;
			buildActionMask = 2147483647;
			files = (
				691C5A9A23B092B800AFA52C /* YXStoreKit.framework in Frameworks */,
			);
			runOnlyForDeploymentPostprocessing = 0;
		};
/* End PBXFrameworksBuildPhase section */

/* Begin PBXGroup section */
		691C5A8623B092B700AFA52C = {
			isa = PBXGroup;
			children = (
				691C5A9223B092B700AFA52C /* YXStoreKit */,
				691C5A9D23B092B800AFA52C /* YXStoreKitTests */,
				691C5A9123B092B700AFA52C /* Products */,
			);
			sourceTree = "<group>";
		};
		691C5A9123B092B700AFA52C /* Products */ = {
			isa = PBXGroup;
			children = (
				691C5A9023B092B700AFA52C /* YXStoreKit.framework */,
				691C5A9923B092B800AFA52C /* YXStoreKitTests.xctest */,
			);
			name = Products;
			sourceTree = "<group>";
		};
		691C5A9223B092B700AFA52C /* YXStoreKit */ = {
			isa = PBXGroup;
			children = (
				691C5ABE23B0A3CA00AFA52C /* Utility */,
				691C5AAD23B0957600AFA52C /* Implementation */,
				691C5AAC23B0956D00AFA52C /* API */,
				691C5A9323B092B700AFA52C /* YXStoreKit.h */,
				691C5A9423B092B700AFA52C /* Info.plist */,
			);
			path = YXStoreKit;
			sourceTree = "<group>";
		};
		691C5A9D23B092B800AFA52C /* YXStoreKitTests */ = {
			isa = PBXGroup;
			children = (
				699CCFA023B893BB00B5C2FE /* Test */,
				691C5A9E23B092B800AFA52C /* YXStoreKitTests.swift */,
				691C5AA023B092B800AFA52C /* Info.plist */,
				691C5AB023B0987B00AFA52C /* SKProduct+PurchasableTest.swift */,
				691C5AC223B0A79000AFA52C /* YXDictionaryTest.swift */,
				697364DC23B9E00C006C9332 /* YXSKProductsRequestTest.swift */,
				699CCFB623B9D1EB00B5C2FE /* YXProductServiceTest.swift */,
				697364E323BACBE2006C9332 /* FakeYXReceiptValidatorTest.swift */,
				697364F023BBCF5A006C9332 /* YXReceiptManagerTest.swift */,
				697364FE23BC057A006C9332 /* YXLocalUserManagerTest.swift */,
				6973651223C0CD5B006C9332 /* FakeSKReceiptRefreshRequestTest.swift */,
				6973652223C0DE65006C9332 /* YXReceiptRefresherTest.swift */,
				6985BF9323C1CD33009898D9 /* FakePaymentQueueTest.swift */,
				6985BF9823C2A741009898D9 /* YXTransactionProcessorTest.swift */,
				6985BF9A23C2B0B0009898D9 /* YXTransactionManagerTest.swift */,
				6985BF9F23CC3D86009898D9 /* YXStoreKitTest.swift */,
			);
			path = YXStoreKitTests;
			sourceTree = "<group>";
		};
		691C5AAC23B0956D00AFA52C /* API */ = {
			isa = PBXGroup;
			children = (
				6973651C23C0D0B2006C9332 /* Product */,
				6973651B23C0D054006C9332 /* Receipt */,
				6985BF9523C27C00009898D9 /* Transaction */,
				691C5ABC23B0A1ED00AFA52C /* Error.swift */,
				697364F823BBEDB3006C9332 /* UserManager.swift */,
				6985BF9C23C5885B009898D9 /* YXStoreKit.swift */,
			);
			path = API;
			sourceTree = "<group>";
		};
		691C5AAD23B0957600AFA52C /* Implementation */ = {
			isa = PBXGroup;
			children = (
				6973652123C0D468006C9332 /* Product */,
				6973652023C0D45E006C9332 /* Receipt */,
				6973653023C1C561006C9332 /* Transaction */,
				697364FB23BBFD23006C9332 /* YXLocalUserManager.swift */,
			);
			path = Implementation;
			sourceTree = "<group>";
		};
		691C5ABE23B0A3CA00AFA52C /* Utility */ = {
			isa = PBXGroup;
			children = (
				691C5ABF23B0A3D900AFA52C /* YXDictionary.swift */,
				697364F523BBEA7E006C9332 /* YXUser.swift */,
				6973650623BC277B006C9332 /* YXTransactionResponse.swift */,
				6973650923BC27C1006C9332 /* YXTransactionProcessor.swift */,
			);
			path = Utility;
			sourceTree = "<group>";
		};
		6973651B23C0D054006C9332 /* Receipt */ = {
			isa = PBXGroup;
			children = (
				697364E523BACE17006C9332 /* ReceiptManager.swift */,
				6973650C23C0CA75006C9332 /* ReceiptRefreshRequestBuilder.swift */,
				6973651823C0D043006C9332 /* ReceiptRefresher.swift */,
				697364DE23BAC85D006C9332 /* ReceiptValidator.swift */,
			);
			path = Receipt;
			sourceTree = "<group>";
		};
		6973651C23C0D0B2006C9332 /* Product */ = {
			isa = PBXGroup;
			children = (
				691C5AAA23B0931500AFA52C /* Purchasable.swift */,
				691C5AB623B09C3100AFA52C /* ProductService.swift */,
				699CCFAF23B9CE2000B5C2FE /* ProductRequestBuilder.swift */,
			);
			path = Product;
			sourceTree = "<group>";
		};
		6973652023C0D45E006C9332 /* Receipt */ = {
			isa = PBXGroup;
			children = (
				697364E823BACFE2006C9332 /* YXReceiptManagerImpl.swift */,
				6973651423C0CECD006C9332 /* YXReceiptRefreshRequestBuilder.swift */,
				6973651D23C0D2E8006C9332 /* YXReceiptRefresher.swift */,
			);
			path = Receipt;
			sourceTree = "<group>";
		};
		6973652123C0D468006C9332 /* Product */ = {
			isa = PBXGroup;
			children = (
				691C5AAE23B0959100AFA52C /* SKProduct+Purchasable.swift */,
				699CCFB423B9D01000B5C2FE /* YXProductRequestBuilderImp.swift */,
				697364EC23BBCA4F006C9332 /* YXProductServiceImpl.swift */,
			);
			path = Product;
			sourceTree = "<group>";
		};
		6973652723C1BE3A006C9332 /* Product */ = {
			isa = PBXGroup;
			children = (
				699CCFB123B9CEF100B5C2FE /* FakeYXProductRequestBuilder.swift */,
				691C5AB423B099F100AFA52C /* FakeSKProductSubscriptionPeriod.swift */,
				699CCFA323B8944000B5C2FE /* FakeSKProductsRequest.swift */,
				699CCFA523B8958600B5C2FE /* FakeSKProductsResponse.swift */,
				699CCFA723B895E700B5C2FE /* FakeSKProduct.swift */,
			);
			path = Product;
			sourceTree = "<group>";
		};
		6973652823C1BE4E006C9332 /* Receipt */ = {
			isa = PBXGroup;
			children = (
				697364E023BACA5F006C9332 /* FakeYXReceiptValidator.swift */,
				6973650F23C0CACD006C9332 /* FakeSKReceiptRefreshRequest.swift */,
				6973651623C0CFD0006C9332 /* FakeYXReceiptRefreshRequestBuilder.swift */,
			);
			path = Receipt;
			sourceTree = "<group>";
		};
		6973652923C1BE57006C9332 /* Transaction */ = {
			isa = PBXGroup;
			children = (
				6973653123C1C60F006C9332 /* FakeSKPaymentQueue.swift */,
				6973653323C1C7E7006C9332 /* FakeSKPaymentTransaction.swift */,
			);
			path = Transaction;
			sourceTree = "<group>";
		};
		6973653023C1C561006C9332 /* Transaction */ = {
			isa = PBXGroup;
			children = (
				6973652A23C1C281006C9332 /* YXTransactionManager.swift */,
			);
			path = Transaction;
			sourceTree = "<group>";
		};
		6985BF9523C27C00009898D9 /* Transaction */ = {
			isa = PBXGroup;
			children = (
				6973652423C1BA88006C9332 /* TransactionManager.swift */,
				6973652D23C1C39A006C9332 /* PaymentQueue.swift */,
			);
			path = Transaction;
			sourceTree = "<group>";
		};
		699CCFA023B893BB00B5C2FE /* Test */ = {
			isa = PBXGroup;
			children = (
				6973652923C1BE57006C9332 /* Transaction */,
				6973652723C1BE3A006C9332 /* Product */,
				6973652823C1BE4E006C9332 /* Receipt */,
			);
			path = Test;
			sourceTree = "<group>";
		};
/* End PBXGroup section */

/* Begin PBXHeadersBuildPhase section */
		691C5A8B23B092B700AFA52C /* Headers */ = {
			isa = PBXHeadersBuildPhase;
			buildActionMask = 2147483647;
			files = (
				691C5AA123B092B800AFA52C /* YXStoreKit.h in Headers */,
			);
			runOnlyForDeploymentPostprocessing = 0;
		};
/* End PBXHeadersBuildPhase section */

/* Begin PBXNativeTarget section */
		691C5A8F23B092B700AFA52C /* YXStoreKit */ = {
			isa = PBXNativeTarget;
			buildConfigurationList = 691C5AA423B092B800AFA52C /* Build configuration list for PBXNativeTarget "YXStoreKit" */;
			buildPhases = (
				691C5A8B23B092B700AFA52C /* Headers */,
				691C5A8C23B092B700AFA52C /* Sources */,
				691C5A8D23B092B700AFA52C /* Frameworks */,
				691C5A8E23B092B700AFA52C /* Resources */,
			);
			buildRules = (
			);
			dependencies = (
			);
			name = YXStoreKit;
			productName = YXStoreKit;
			productReference = 691C5A9023B092B700AFA52C /* YXStoreKit.framework */;
			productType = "com.apple.product-type.framework";
		};
		691C5A9823B092B800AFA52C /* YXStoreKitTests */ = {
			isa = PBXNativeTarget;
			buildConfigurationList = 691C5AA723B092B800AFA52C /* Build configuration list for PBXNativeTarget "YXStoreKitTests" */;
			buildPhases = (
				691C5A9523B092B800AFA52C /* Sources */,
				691C5A9623B092B800AFA52C /* Frameworks */,
				691C5A9723B092B800AFA52C /* Resources */,
			);
			buildRules = (
			);
			dependencies = (
				691C5A9C23B092B800AFA52C /* PBXTargetDependency */,
			);
			name = YXStoreKitTests;
			productName = YXStoreKitTests;
			productReference = 691C5A9923B092B800AFA52C /* YXStoreKitTests.xctest */;
			productType = "com.apple.product-type.bundle.unit-test";
		};
/* End PBXNativeTarget section */

/* Begin PBXProject section */
		691C5A8723B092B700AFA52C /* Project object */ = {
			isa = PBXProject;
			attributes = {
				LastSwiftUpdateCheck = 1110;
				LastUpgradeCheck = 1110;
				ORGANIZATIONNAME = yx;
				TargetAttributes = {
					691C5A8F23B092B700AFA52C = {
						CreatedOnToolsVersion = 11.1;
						LastSwiftMigration = 1110;
					};
					691C5A9823B092B800AFA52C = {
						CreatedOnToolsVersion = 11.1;
					};
				};
			};
			buildConfigurationList = 691C5A8A23B092B700AFA52C /* Build configuration list for PBXProject "YXStoreKit" */;
			compatibilityVersion = "Xcode 9.3";
			developmentRegion = en;
			hasScannedForEncodings = 0;
			knownRegions = (
				en,
				Base,
			);
			mainGroup = 691C5A8623B092B700AFA52C;
			productRefGroup = 691C5A9123B092B700AFA52C /* Products */;
			projectDirPath = "";
			projectRoot = "";
			targets = (
				691C5A8F23B092B700AFA52C /* YXStoreKit */,
				691C5A9823B092B800AFA52C /* YXStoreKitTests */,
			);
		};
/* End PBXProject section */

/* Begin PBXResourcesBuildPhase section */
		691C5A8E23B092B700AFA52C /* Resources */ = {
			isa = PBXResourcesBuildPhase;
			buildActionMask = 2147483647;
			files = (
			);
			runOnlyForDeploymentPostprocessing = 0;
		};
		691C5A9723B092B800AFA52C /* Resources */ = {
			isa = PBXResourcesBuildPhase;
			buildActionMask = 2147483647;
			files = (
			);
			runOnlyForDeploymentPostprocessing = 0;
		};
/* End PBXResourcesBuildPhase section */

/* Begin PBXSourcesBuildPhase section */
		691C5A8C23B092B700AFA52C /* Sources */ = {
			isa = PBXSourcesBuildPhase;
			buildActionMask = 2147483647;
			files = (
				6973652B23C1C281006C9332 /* YXTransactionManager.swift in Sources */,
				6973651923C0D043006C9332 /* ReceiptRefresher.swift in Sources */,
				6973650A23BC27C1006C9332 /* YXTransactionProcessor.swift in Sources */,
				691C5AC023B0A3D900AFA52C /* YXDictionary.swift in Sources */,
				691C5AAF23B0959100AFA52C /* SKProduct+Purchasable.swift in Sources */,
				6973651523C0CECD006C9332 /* YXReceiptRefreshRequestBuilder.swift in Sources */,
				697364F923BBEDB3006C9332 /* UserManager.swift in Sources */,
				699CCFB023B9CE2000B5C2FE /* ProductRequestBuilder.swift in Sources */,
				6973652E23C1C39A006C9332 /* PaymentQueue.swift in Sources */,
				6985BF9D23C5885B009898D9 /* YXStoreKit.swift in Sources */,
				697364DF23BAC85D006C9332 /* ReceiptValidator.swift in Sources */,
				691C5AAB23B0931500AFA52C /* Purchasable.swift in Sources */,
				691C5ABD23B0A1ED00AFA52C /* Error.swift in Sources */,
				6973650D23C0CA75006C9332 /* ReceiptRefreshRequestBuilder.swift in Sources */,
				699CCFB523B9D01000B5C2FE /* YXProductRequestBuilderImp.swift in Sources */,
				6973652523C1BA88006C9332 /* TransactionManager.swift in Sources */,
				697364F623BBEA7E006C9332 /* YXUser.swift in Sources */,
				6973650723BC277B006C9332 /* YXTransactionResponse.swift in Sources */,
				6973651E23C0D2E8006C9332 /* YXReceiptRefresher.swift in Sources */,
				697364FC23BBFD23006C9332 /* YXLocalUserManager.swift in Sources */,
				697364E923BACFE2006C9332 /* YXReceiptManagerImpl.swift in Sources */,
				697364E623BACE17006C9332 /* ReceiptManager.swift in Sources */,
				697364ED23BBCA4F006C9332 /* YXProductServiceImpl.swift in Sources */,
				691C5AB723B09C3100AFA52C /* ProductService.swift in Sources */,
			);
			runOnlyForDeploymentPostprocessing = 0;
		};
		691C5A9523B092B800AFA52C /* Sources */ = {
			isa = PBXSourcesBuildPhase;
			buildActionMask = 2147483647;
			files = (
				6985BF9423C1CD33009898D9 /* FakePaymentQueueTest.swift in Sources */,
				697364F123BBCF5A006C9332 /* YXReceiptManagerTest.swift in Sources */,
				699CCFA423B8944000B5C2FE /* FakeSKProductsRequest.swift in Sources */,
				6985BF9B23C2B0B0009898D9 /* YXTransactionManagerTest.swift in Sources */,
				6973651F23C0D337006C9332 /* YXReceiptRefresher.swift in Sources */,
				6973653223C1C60F006C9332 /* FakeSKPaymentQueue.swift in Sources */,
				691C5AC123B0A52400AFA52C /* YXDictionary.swift in Sources */,
				699CCFA823B895E700B5C2FE /* FakeSKProduct.swift in Sources */,
				699CCFA923B898E400B5C2FE /* Error.swift in Sources */,
				697364DD23B9E00C006C9332 /* YXSKProductsRequestTest.swift in Sources */,
				691C5AB123B0987B00AFA52C /* SKProduct+PurchasableTest.swift in Sources */,
				697364FD23BBFD23006C9332 /* YXLocalUserManager.swift in Sources */,
				691C5AC323B0A79000AFA52C /* YXDictionaryTest.swift in Sources */,
				697364E123BACA5F006C9332 /* FakeYXReceiptValidator.swift in Sources */,
				6973652623C1BA88006C9332 /* TransactionManager.swift in Sources */,
				697364EE23BBCA9E006C9332 /* YXProductServiceImpl.swift in Sources */,
				697364EF23BBCE3D006C9332 /* YXReceiptManagerImpl.swift in Sources */,
				691C5A9F23B092B800AFA52C /* YXStoreKitTests.swift in Sources */,
				6985BF9E23C5885B009898D9 /* YXStoreKit.swift in Sources */,
				6973652F23C1C39A006C9332 /* PaymentQueue.swift in Sources */,
				6973652323C0DE65006C9332 /* YXReceiptRefresherTest.swift in Sources */,
				6973651A23C0D043006C9332 /* ReceiptRefresher.swift in Sources */,
				697364E423BACBE2006C9332 /* FakeYXReceiptValidatorTest.swift in Sources */,
				699CCFB323B9CF5600B5C2FE /* ProductRequestBuilder.swift in Sources */,
				6973653423C1C7E7006C9332 /* FakeSKPaymentTransaction.swift in Sources */,
				699CCFAC23B899BB00B5C2FE /* ProductService.swift in Sources */,
				699CCFB223B9CEF100B5C2FE /* FakeYXProductRequestBuilder.swift in Sources */,
				6973650B23BC27C1006C9332 /* YXTransactionProcessor.swift in Sources */,
				697364FF23BC057A006C9332 /* YXLocalUserManagerTest.swift in Sources */,
				699CCFB723B9D1EB00B5C2FE /* YXProductServiceTest.swift in Sources */,
				6985BF9923C2A741009898D9 /* YXTransactionProcessorTest.swift in Sources */,
				697364E223BACA6A006C9332 /* ReceiptValidator.swift in Sources */,
				697364FA23BBEDB3006C9332 /* UserManager.swift in Sources */,
				691C5AB323B0996000AFA52C /* SKProduct+Purchasable.swift in Sources */,
				699CCFA623B8958600B5C2FE /* FakeSKProductsResponse.swift in Sources */,
				691C5AB223B0995300AFA52C /* Purchasable.swift in Sources */,
				6973651723C0CFD0006C9332 /* FakeYXReceiptRefreshRequestBuilder.swift in Sources */,
				6985BFA023CC3D86009898D9 /* YXStoreKitTest.swift in Sources */,
				697364E723BACEB5006C9332 /* ReceiptManager.swift in Sources */,
				691C5AB523B099F100AFA52C /* FakeSKProductSubscriptionPeriod.swift in Sources */,
				697364F723BBEA7E006C9332 /* YXUser.swift in Sources */,
				6973650E23C0CA75006C9332 /* ReceiptRefreshRequestBuilder.swift in Sources */,
				6973650823BC277B006C9332 /* YXTransactionResponse.swift in Sources */,
				6973652C23C1C281006C9332 /* YXTransactionManager.swift in Sources */,
				6973651323C0CD5B006C9332 /* FakeSKReceiptRefreshRequestTest.swift in Sources */,
				6973651123C0CACD006C9332 /* FakeSKReceiptRefreshRequest.swift in Sources */,
			);
			runOnlyForDeploymentPostprocessing = 0;
		};
/* End PBXSourcesBuildPhase section */

/* Begin PBXTargetDependency section */
		691C5A9C23B092B800AFA52C /* PBXTargetDependency */ = {
			isa = PBXTargetDependency;
			target = 691C5A8F23B092B700AFA52C /* YXStoreKit */;
			targetProxy = 691C5A9B23B092B800AFA52C /* PBXContainerItemProxy */;
		};
/* End PBXTargetDependency section */

/* Begin XCBuildConfiguration section */
		691C5AA223B092B800AFA52C /* Debug */ = {
			isa = XCBuildConfiguration;
			buildSettings = {
				ALWAYS_SEARCH_USER_PATHS = NO;
				CLANG_ANALYZER_NONNULL = YES;
				CLANG_ANALYZER_NUMBER_OBJECT_CONVERSION = YES_AGGRESSIVE;
				CLANG_CXX_LANGUAGE_STANDARD = "gnu++14";
				CLANG_CXX_LIBRARY = "libc++";
				CLANG_ENABLE_MODULES = YES;
				CLANG_ENABLE_OBJC_ARC = YES;
				CLANG_ENABLE_OBJC_WEAK = YES;
				CLANG_WARN_BLOCK_CAPTURE_AUTORELEASING = YES;
				CLANG_WARN_BOOL_CONVERSION = YES;
				CLANG_WARN_COMMA = YES;
				CLANG_WARN_CONSTANT_CONVERSION = YES;
				CLANG_WARN_DEPRECATED_OBJC_IMPLEMENTATIONS = YES;
				CLANG_WARN_DIRECT_OBJC_ISA_USAGE = YES_ERROR;
				CLANG_WARN_DOCUMENTATION_COMMENTS = YES;
				CLANG_WARN_EMPTY_BODY = YES;
				CLANG_WARN_ENUM_CONVERSION = YES;
				CLANG_WARN_INFINITE_RECURSION = YES;
				CLANG_WARN_INT_CONVERSION = YES;
				CLANG_WARN_NON_LITERAL_NULL_CONVERSION = YES;
				CLANG_WARN_OBJC_IMPLICIT_RETAIN_SELF = YES;
				CLANG_WARN_OBJC_LITERAL_CONVERSION = YES;
				CLANG_WARN_OBJC_ROOT_CLASS = YES_ERROR;
				CLANG_WARN_RANGE_LOOP_ANALYSIS = YES;
				CLANG_WARN_STRICT_PROTOTYPES = YES;
				CLANG_WARN_SUSPICIOUS_MOVE = YES;
				CLANG_WARN_UNGUARDED_AVAILABILITY = YES_AGGRESSIVE;
				CLANG_WARN_UNREACHABLE_CODE = YES;
				CLANG_WARN__DUPLICATE_METHOD_MATCH = YES;
				COPY_PHASE_STRIP = NO;
				CURRENT_PROJECT_VERSION = 1;
				DEBUG_INFORMATION_FORMAT = dwarf;
				ENABLE_STRICT_OBJC_MSGSEND = YES;
				ENABLE_TESTABILITY = YES;
				GCC_C_LANGUAGE_STANDARD = gnu11;
				GCC_DYNAMIC_NO_PIC = NO;
				GCC_NO_COMMON_BLOCKS = YES;
				GCC_OPTIMIZATION_LEVEL = 0;
				GCC_PREPROCESSOR_DEFINITIONS = (
					"DEBUG=1",
					"$(inherited)",
				);
				GCC_WARN_64_TO_32_BIT_CONVERSION = YES;
				GCC_WARN_ABOUT_RETURN_TYPE = YES_ERROR;
				GCC_WARN_UNDECLARED_SELECTOR = YES;
				GCC_WARN_UNINITIALIZED_AUTOS = YES_AGGRESSIVE;
				GCC_WARN_UNUSED_FUNCTION = YES;
				GCC_WARN_UNUSED_VARIABLE = YES;
				IPHONEOS_DEPLOYMENT_TARGET = 13.1;
				MTL_ENABLE_DEBUG_INFO = INCLUDE_SOURCE;
				MTL_FAST_MATH = YES;
				ONLY_ACTIVE_ARCH = YES;
				SDKROOT = iphoneos;
				SWIFT_ACTIVE_COMPILATION_CONDITIONS = DEBUG;
				SWIFT_OPTIMIZATION_LEVEL = "-Onone";
				VERSIONING_SYSTEM = "apple-generic";
				VERSION_INFO_PREFIX = "";
			};
			name = Debug;
		};
		691C5AA323B092B800AFA52C /* Release */ = {
			isa = XCBuildConfiguration;
			buildSettings = {
				ALWAYS_SEARCH_USER_PATHS = NO;
				CLANG_ANALYZER_NONNULL = YES;
				CLANG_ANALYZER_NUMBER_OBJECT_CONVERSION = YES_AGGRESSIVE;
				CLANG_CXX_LANGUAGE_STANDARD = "gnu++14";
				CLANG_CXX_LIBRARY = "libc++";
				CLANG_ENABLE_MODULES = YES;
				CLANG_ENABLE_OBJC_ARC = YES;
				CLANG_ENABLE_OBJC_WEAK = YES;
				CLANG_WARN_BLOCK_CAPTURE_AUTORELEASING = YES;
				CLANG_WARN_BOOL_CONVERSION = YES;
				CLANG_WARN_COMMA = YES;
				CLANG_WARN_CONSTANT_CONVERSION = YES;
				CLANG_WARN_DEPRECATED_OBJC_IMPLEMENTATIONS = YES;
				CLANG_WARN_DIRECT_OBJC_ISA_USAGE = YES_ERROR;
				CLANG_WARN_DOCUMENTATION_COMMENTS = YES;
				CLANG_WARN_EMPTY_BODY = YES;
				CLANG_WARN_ENUM_CONVERSION = YES;
				CLANG_WARN_INFINITE_RECURSION = YES;
				CLANG_WARN_INT_CONVERSION = YES;
				CLANG_WARN_NON_LITERAL_NULL_CONVERSION = YES;
				CLANG_WARN_OBJC_IMPLICIT_RETAIN_SELF = YES;
				CLANG_WARN_OBJC_LITERAL_CONVERSION = YES;
				CLANG_WARN_OBJC_ROOT_CLASS = YES_ERROR;
				CLANG_WARN_RANGE_LOOP_ANALYSIS = YES;
				CLANG_WARN_STRICT_PROTOTYPES = YES;
				CLANG_WARN_SUSPICIOUS_MOVE = YES;
				CLANG_WARN_UNGUARDED_AVAILABILITY = YES_AGGRESSIVE;
				CLANG_WARN_UNREACHABLE_CODE = YES;
				CLANG_WARN__DUPLICATE_METHOD_MATCH = YES;
				COPY_PHASE_STRIP = NO;
				CURRENT_PROJECT_VERSION = 1;
				DEBUG_INFORMATION_FORMAT = "dwarf-with-dsym";
				ENABLE_NS_ASSERTIONS = NO;
				ENABLE_STRICT_OBJC_MSGSEND = YES;
				GCC_C_LANGUAGE_STANDARD = gnu11;
				GCC_NO_COMMON_BLOCKS = YES;
				GCC_WARN_64_TO_32_BIT_CONVERSION = YES;
				GCC_WARN_ABOUT_RETURN_TYPE = YES_ERROR;
				GCC_WARN_UNDECLARED_SELECTOR = YES;
				GCC_WARN_UNINITIALIZED_AUTOS = YES_AGGRESSIVE;
				GCC_WARN_UNUSED_FUNCTION = YES;
				GCC_WARN_UNUSED_VARIABLE = YES;
				IPHONEOS_DEPLOYMENT_TARGET = 13.1;
				MTL_ENABLE_DEBUG_INFO = NO;
				MTL_FAST_MATH = YES;
				SDKROOT = iphoneos;
				SWIFT_COMPILATION_MODE = wholemodule;
				SWIFT_OPTIMIZATION_LEVEL = "-O";
				VALIDATE_PRODUCT = YES;
				VERSIONING_SYSTEM = "apple-generic";
				VERSION_INFO_PREFIX = "";
			};
			name = Release;
		};
		691C5AA523B092B800AFA52C /* Debug */ = {
			isa = XCBuildConfiguration;
			buildSettings = {
				CLANG_ENABLE_MODULES = YES;
				CODE_SIGN_STYLE = Automatic;
				DEFINES_MODULE = YES;
				DYLIB_COMPATIBILITY_VERSION = 1;
				DYLIB_CURRENT_VERSION = 1;
				DYLIB_INSTALL_NAME_BASE = "@rpath";
				INFOPLIST_FILE = YXStoreKit/Info.plist;
				INSTALL_PATH = "$(LOCAL_LIBRARY_DIR)/Frameworks";
				LD_RUNPATH_SEARCH_PATHS = (
					"$(inherited)",
					"@executable_path/Frameworks",
					"@loader_path/Frameworks",
				);
				PRODUCT_BUNDLE_IDENTIFIER = com.yx.YXStoreKit;
				PRODUCT_NAME = "$(TARGET_NAME:c99extidentifier)";
				SKIP_INSTALL = YES;
				SWIFT_OPTIMIZATION_LEVEL = "-Onone";
				SWIFT_VERSION = 5.0;
				TARGETED_DEVICE_FAMILY = "1,2";
			};
			name = Debug;
		};
		691C5AA623B092B800AFA52C /* Release */ = {
			isa = XCBuildConfiguration;
			buildSettings = {
				CLANG_ENABLE_MODULES = YES;
				CODE_SIGN_STYLE = Automatic;
				DEFINES_MODULE = YES;
				DYLIB_COMPATIBILITY_VERSION = 1;
				DYLIB_CURRENT_VERSION = 1;
				DYLIB_INSTALL_NAME_BASE = "@rpath";
				INFOPLIST_FILE = YXStoreKit/Info.plist;
				INSTALL_PATH = "$(LOCAL_LIBRARY_DIR)/Frameworks";
				LD_RUNPATH_SEARCH_PATHS = (
					"$(inherited)",
					"@executable_path/Frameworks",
					"@loader_path/Frameworks",
				);
				PRODUCT_BUNDLE_IDENTIFIER = com.yx.YXStoreKit;
				PRODUCT_NAME = "$(TARGET_NAME:c99extidentifier)";
				SKIP_INSTALL = YES;
				SWIFT_VERSION = 5.0;
				TARGETED_DEVICE_FAMILY = "1,2";
			};
			name = Release;
		};
		691C5AA823B092B800AFA52C /* Debug */ = {
			isa = XCBuildConfiguration;
			buildSettings = {
				ALWAYS_EMBED_SWIFT_STANDARD_LIBRARIES = YES;
				CODE_SIGN_STYLE = Automatic;
				INFOPLIST_FILE = YXStoreKitTests/Info.plist;
				LD_RUNPATH_SEARCH_PATHS = (
					"$(inherited)",
					"@executable_path/Frameworks",
					"@loader_path/Frameworks",
				);
				PRODUCT_BUNDLE_IDENTIFIER = com.yx.YXStoreKitTests;
				PRODUCT_NAME = "$(TARGET_NAME)";
				SWIFT_VERSION = 5.0;
				TARGETED_DEVICE_FAMILY = "1,2";
			};
			name = Debug;
		};
		691C5AA923B092B800AFA52C /* Release */ = {
			isa = XCBuildConfiguration;
			buildSettings = {
				ALWAYS_EMBED_SWIFT_STANDARD_LIBRARIES = YES;
				CODE_SIGN_STYLE = Automatic;
				INFOPLIST_FILE = YXStoreKitTests/Info.plist;
				LD_RUNPATH_SEARCH_PATHS = (
					"$(inherited)",
					"@executable_path/Frameworks",
					"@loader_path/Frameworks",
				);
				PRODUCT_BUNDLE_IDENTIFIER = com.yx.YXStoreKitTests;
				PRODUCT_NAME = "$(TARGET_NAME)";
				SWIFT_VERSION = 5.0;
				TARGETED_DEVICE_FAMILY = "1,2";
			};
			name = Release;
		};
/* End XCBuildConfiguration section */

/* Begin XCConfigurationList section */
		691C5A8A23B092B700AFA52C /* Build configuration list for PBXProject "YXStoreKit" */ = {
			isa = XCConfigurationList;
			buildConfigurations = (
				691C5AA223B092B800AFA52C /* Debug */,
				691C5AA323B092B800AFA52C /* Release */,
			);
			defaultConfigurationIsVisible = 0;
			defaultConfigurationName = Release;
		};
		691C5AA423B092B800AFA52C /* Build configuration list for PBXNativeTarget "YXStoreKit" */ = {
			isa = XCConfigurationList;
			buildConfigurations = (
				691C5AA523B092B800AFA52C /* Debug */,
				691C5AA623B092B800AFA52C /* Release */,
			);
			defaultConfigurationIsVisible = 0;
			defaultConfigurationName = Release;
		};
		691C5AA723B092B800AFA52C /* Build configuration list for PBXNativeTarget "YXStoreKitTests" */ = {
			isa = XCConfigurationList;
			buildConfigurations = (
				691C5AA823B092B800AFA52C /* Debug */,
				691C5AA923B092B800AFA52C /* Release */,
			);
			defaultConfigurationIsVisible = 0;
			defaultConfigurationName = Release;
		};
/* End XCConfigurationList section */
	};
	rootObject = 691C5A8723B092B700AFA52C /* Project object */;
}
